
Microsoft Visual Studio Solution File, Format Version 12.00
# Visual Studio Version 17
VisualStudioVersion = 17.14.36408.4
MinimumVisualStudioVersion = 10.0.40219.1
Project("{FAE04EC0-301F-11D3-BF4B-00C04F79EFBC}") = "Mesch.RealTree", "Mesch.RealTree\Mesch.RealTree.csproj", "{D7CDE4DF-A663-436D-9031-CDA848B95CC5}"
EndProject
Project("{FAE04EC0-301F-11D3-BF4B-00C04F79EFBC}") = "Mesch.RealTree.Tests", "Mesch.RealTree.Tests\Mesch.RealTree.Tests.csproj", "{BF1347CE-05BD-41EC-BF78-0201B94993C7}"
EndProject
Global
	GlobalSection(SolutionConfigurationPlatforms) = preSolution
		Debug|Any CPU = Debug|Any CPU
		Release|Any CPU = Release|Any CPU
	EndGlobalSection
	GlobalSection(ProjectConfigurationPlatforms) = postSolution
		{D7CDE4DF-A663-436D-9031-CDA848B95CC5}.Debug|Any CPU.ActiveCfg = Debug|Any CPU
		{D7CDE4DF-A663-436D-9031-CDA848B95CC5}.Debug|Any CPU.Build.0 = Debug|Any CPU
		{D7CDE4DF-A663-436D-9031-CDA848B95CC5}.Release|Any CPU.ActiveCfg = Release|Any CPU
		{D7CDE4DF-A663-436D-9031-CDA848B95CC5}.Release|Any CPU.Build.0 = Release|Any CPU
		{BF1347CE-05BD-41EC-BF78-0201B94993C7}.Debug|Any CPU.ActiveCfg = Debug|Any CPU
		{BF1347CE-05BD-41EC-BF78-0201B94993C7}.Debug|Any CPU.Build.0 = Debug|Any CPU
		{BF1347CE-05BD-41EC-BF78-0201B94993C7}.Release|Any CPU.ActiveCfg = Release|Any CPU
		{BF1347CE-05BD-41EC-BF78-0201B94993C7}.Release|Any CPU.Build.0 = Release|Any CPU
	EndGlobalSection
	GlobalSection(SolutionProperties) = preSolution
		HideSolutionNode = FALSE
	EndGlobalSection
	GlobalSection(ExtensibilityGlobals) = postSolution
		SolutionGuid = {F76DF420-5B08-40B5-B76F-80E73E67933B}
	EndGlobalSection
EndGlobal
